
Microsoft Visual Studio Solution File, Format Version 12.00
# Visual Studio Version 17
VisualStudioVersion = 17.0.31903.59
MinimumVisualStudioVersion = 10.0.40219.1
Project("{2150E333-8FDC-42A3-9474-1A3956D46DE8}") = "Payment", "Payment", "{BC32782B-3DC9-3934-259F-F436AC525407}"
EndProject
Project("{FAE04EC0-301F-11D3-BF4B-00C04F79EFBC}") = "PaymentService.Domain", "Payment\PaymentService.Domain\PaymentService.Domain.csproj", "{79B50526-C8D4-417E-812A-E1AC4F2B308E}"
EndProject
Project("{FAE04EC0-301F-11D3-BF4B-00C04F79EFBC}") = "PaymentService.Application", "Payment\PaymentService.Application\PaymentService.Application.csproj", "{76233C79-A666-4990-86D5-EA335BD6C3D3}"
EndProject
Project("{FAE04EC0-301F-11D3-BF4B-00C04F79EFBC}") = "PaymentService.Infrastructure", "Payment\PaymentService.Infrastructure\PaymentService.Infrastructure.csproj", "{AE43F283-0EF4-4260-A14A-F82277E427B6}"
EndProject
Project("{FAE04EC0-301F-11D3-BF4B-00C04F79EFBC}") = "PaymentService.API", "Payment\PaymentService.API\PaymentService.API.csproj", "{A664B85A-9684-4C6F-A07C-772030F6DD50}"
EndProject
Project("{FAE04EC0-301F-11D3-BF4B-00C04F79EFBC}") = "Shared", "Shared\Shared.csproj", "{548D7B24-E066-459B-ACDD-84F825DCA99E}"
EndProject
Project("{2150E333-8FDC-42A3-9474-1A3956D46DE8}") = "Gateway", "Gateway", "{8EC462FD-D22E-90A8-E5CE-7E832BA40C5D}"
EndProject
Project("{FAE04EC0-301F-11D3-BF4B-00C04F79EFBC}") = "GatewayService.API", "Gateway\GatewayService.API\GatewayService.API.csproj", "{64683EB7-88CF-871A-2652-82102B90AFCD}"
EndProject
Project("{FAE04EC0-301F-11D3-BF4B-00C04F79EFBC}") = "GatewayService.Application", "Gateway\GatewayService.Application\GatewayService.Application.csproj", "{3379A31F-F7A2-3357-7F16-5DACDB994161}"
EndProject
Project("{FAE04EC0-301F-11D3-BF4B-00C04F79EFBC}") = "GatewayService.Domain", "Gateway\GatewayService.Domain\GatewayService.Domain.csproj", "{579E8691-117A-2C8A-8DB9-2B416888D706}"
EndProject
Project("{FAE04EC0-301F-11D3-BF4B-00C04F79EFBC}") = "GatewayService.Infrastructure", "Gateway\GatewayService.Infrastructure\GatewayService.Infrastructure.csproj", "{C1F5DCFC-136F-34B5-154C-9A370192A8B9}"
EndProject
Project("{2150E333-8FDC-42A3-9474-1A3956D46DE8}") = "Notification", "Notification", "{02EA681E-C7D8-13C7-8484-4AC65E1B71E8}"
EndProject
Project("{FAE04EC0-301F-11D3-BF4B-00C04F79EFBC}") = "Notification", "Notification\Notification.csproj", "{B1259202-69CC-88FF-2F90-403FB1C5D6E4}"
EndProject
Project("{FAE04EC0-301F-11D3-BF4B-00C04F79EFBC}") = "PaymetService.Test", "Payment\PaymetService.Test\PaymetService.Test.csproj", "{90B55C5A-5F5E-4B1A-8FC9-B5C899122E29}"
EndProject
Global
	GlobalSection(SolutionConfigurationPlatforms) = preSolution
		Debug|Any CPU = Debug|Any CPU
		Debug|x64 = Debug|x64
		Debug|x86 = Debug|x86
		Release|Any CPU = Release|Any CPU
		Release|x64 = Release|x64
		Release|x86 = Release|x86
	EndGlobalSection
	GlobalSection(ProjectConfigurationPlatforms) = postSolution
		{79B50526-C8D4-417E-812A-E1AC4F2B308E}.Debug|Any CPU.ActiveCfg = Debug|Any CPU
		{79B50526-C8D4-417E-812A-E1AC4F2B308E}.Debug|Any CPU.Build.0 = Debug|Any CPU
		{79B50526-C8D4-417E-812A-E1AC4F2B308E}.Debug|x64.ActiveCfg = Debug|Any CPU
		{79B50526-C8D4-417E-812A-E1AC4F2B308E}.Debug|x64.Build.0 = Debug|Any CPU
		{79B50526-C8D4-417E-812A-E1AC4F2B308E}.Debug|x86.ActiveCfg = Debug|Any CPU
		{79B50526-C8D4-417E-812A-E1AC4F2B308E}.Debug|x86.Build.0 = Debug|Any CPU
		{79B50526-C8D4-417E-812A-E1AC4F2B308E}.Release|Any CPU.ActiveCfg = Release|Any CPU
		{79B50526-C8D4-417E-812A-E1AC4F2B308E}.Release|Any CPU.Build.0 = Release|Any CPU
		{79B50526-C8D4-417E-812A-E1AC4F2B308E}.Release|x64.ActiveCfg = Release|Any CPU
		{79B50526-C8D4-417E-812A-E1AC4F2B308E}.Release|x64.Build.0 = Release|Any CPU
		{79B50526-C8D4-417E-812A-E1AC4F2B308E}.Release|x86.ActiveCfg = Release|Any CPU
		{79B50526-C8D4-417E-812A-E1AC4F2B308E}.Release|x86.Build.0 = Release|Any CPU
		{76233C79-A666-4990-86D5-EA335BD6C3D3}.Debug|Any CPU.ActiveCfg = Debug|Any CPU
		{76233C79-A666-4990-86D5-EA335BD6C3D3}.Debug|Any CPU.Build.0 = Debug|Any CPU
		{76233C79-A666-4990-86D5-EA335BD6C3D3}.Debug|x64.ActiveCfg = Debug|Any CPU
		{76233C79-A666-4990-86D5-EA335BD6C3D3}.Debug|x64.Build.0 = Debug|Any CPU
		{76233C79-A666-4990-86D5-EA335BD6C3D3}.Debug|x86.ActiveCfg = Debug|Any CPU
		{76233C79-A666-4990-86D5-EA335BD6C3D3}.Debug|x86.Build.0 = Debug|Any CPU
		{76233C79-A666-4990-86D5-EA335BD6C3D3}.Release|Any CPU.ActiveCfg = Release|Any CPU
		{76233C79-A666-4990-86D5-EA335BD6C3D3}.Release|Any CPU.Build.0 = Release|Any CPU
		{76233C79-A666-4990-86D5-EA335BD6C3D3}.Release|x64.ActiveCfg = Release|Any CPU
		{76233C79-A666-4990-86D5-EA335BD6C3D3}.Release|x64.Build.0 = Release|Any CPU
		{76233C79-A666-4990-86D5-EA335BD6C3D3}.Release|x86.ActiveCfg = Release|Any CPU
		{76233C79-A666-4990-86D5-EA335BD6C3D3}.Release|x86.Build.0 = Release|Any CPU
		{AE43F283-0EF4-4260-A14A-F82277E427B6}.Debug|Any CPU.ActiveCfg = Debug|Any CPU
		{AE43F283-0EF4-4260-A14A-F82277E427B6}.Debug|Any CPU.Build.0 = Debug|Any CPU
		{AE43F283-0EF4-4260-A14A-F82277E427B6}.Debug|x64.ActiveCfg = Debug|Any CPU
		{AE43F283-0EF4-4260-A14A-F82277E427B6}.Debug|x64.Build.0 = Debug|Any CPU
		{AE43F283-0EF4-4260-A14A-F82277E427B6}.Debug|x86.ActiveCfg = Debug|Any CPU
		{AE43F283-0EF4-4260-A14A-F82277E427B6}.Debug|x86.Build.0 = Debug|Any CPU
		{AE43F283-0EF4-4260-A14A-F82277E427B6}.Release|Any CPU.ActiveCfg = Release|Any CPU
		{AE43F283-0EF4-4260-A14A-F82277E427B6}.Release|Any CPU.Build.0 = Release|Any CPU
		{AE43F283-0EF4-4260-A14A-F82277E427B6}.Release|x64.ActiveCfg = Release|Any CPU
		{AE43F283-0EF4-4260-A14A-F82277E427B6}.Release|x64.Build.0 = Release|Any CPU
		{AE43F283-0EF4-4260-A14A-F82277E427B6}.Release|x86.ActiveCfg = Release|Any CPU
		{AE43F283-0EF4-4260-A14A-F82277E427B6}.Release|x86.Build.0 = Release|Any CPU
		{A664B85A-9684-4C6F-A07C-772030F6DD50}.Debug|Any CPU.ActiveCfg = Debug|Any CPU
		{A664B85A-9684-4C6F-A07C-772030F6DD50}.Debug|Any CPU.Build.0 = Debug|Any CPU
		{A664B85A-9684-4C6F-A07C-772030F6DD50}.Debug|x64.ActiveCfg = Debug|Any CPU
		{A664B85A-9684-4C6F-A07C-772030F6DD50}.Debug|x64.Build.0 = Debug|Any CPU
		{A664B85A-9684-4C6F-A07C-772030F6DD50}.Debug|x86.ActiveCfg = Debug|Any CPU
		{A664B85A-9684-4C6F-A07C-772030F6DD50}.Debug|x86.Build.0 = Debug|Any CPU
		{A664B85A-9684-4C6F-A07C-772030F6DD50}.Release|Any CPU.ActiveCfg = Release|Any CPU
		{A664B85A-9684-4C6F-A07C-772030F6DD50}.Release|Any CPU.Build.0 = Release|Any CPU
		{A664B85A-9684-4C6F-A07C-772030F6DD50}.Release|x64.ActiveCfg = Release|Any CPU
		{A664B85A-9684-4C6F-A07C-772030F6DD50}.Release|x64.Build.0 = Release|Any CPU
		{A664B85A-9684-4C6F-A07C-772030F6DD50}.Release|x86.ActiveCfg = Release|Any CPU
		{A664B85A-9684-4C6F-A07C-772030F6DD50}.Release|x86.Build.0 = Release|Any CPU
		{548D7B24-E066-459B-ACDD-84F825DCA99E}.Debug|Any CPU.ActiveCfg = Debug|Any CPU
		{548D7B24-E066-459B-ACDD-84F825DCA99E}.Debug|Any CPU.Build.0 = Debug|Any CPU
		{548D7B24-E066-459B-ACDD-84F825DCA99E}.Debug|x64.ActiveCfg = Debug|Any CPU
		{548D7B24-E066-459B-ACDD-84F825DCA99E}.Debug|x64.Build.0 = Debug|Any CPU
		{548D7B24-E066-459B-ACDD-84F825DCA99E}.Debug|x86.ActiveCfg = Debug|Any CPU
		{548D7B24-E066-459B-ACDD-84F825DCA99E}.Debug|x86.Build.0 = Debug|Any CPU
		{548D7B24-E066-459B-ACDD-84F825DCA99E}.Release|Any CPU.ActiveCfg = Release|Any CPU
		{548D7B24-E066-459B-ACDD-84F825DCA99E}.Release|Any CPU.Build.0 = Release|Any CPU
		{548D7B24-E066-459B-ACDD-84F825DCA99E}.Release|x64.ActiveCfg = Release|Any CPU
		{548D7B24-E066-459B-ACDD-84F825DCA99E}.Release|x64.Build.0 = Release|Any CPU
		{548D7B24-E066-459B-ACDD-84F825DCA99E}.Release|x86.ActiveCfg = Release|Any CPU
		{548D7B24-E066-459B-ACDD-84F825DCA99E}.Release|x86.Build.0 = Release|Any CPU
		{64683EB7-88CF-871A-2652-82102B90AFCD}.Debug|Any CPU.ActiveCfg = Debug|Any CPU
		{64683EB7-88CF-871A-2652-82102B90AFCD}.Debug|Any CPU.Build.0 = Debug|Any CPU
		{64683EB7-88CF-871A-2652-82102B90AFCD}.Debug|x64.ActiveCfg = Debug|Any CPU
		{64683EB7-88CF-871A-2652-82102B90AFCD}.Debug|x64.Build.0 = Debug|Any CPU
		{64683EB7-88CF-871A-2652-82102B90AFCD}.Debug|x86.ActiveCfg = Debug|Any CPU
		{64683EB7-88CF-871A-2652-82102B90AFCD}.Debug|x86.Build.0 = Debug|Any CPU
		{64683EB7-88CF-871A-2652-82102B90AFCD}.Release|Any CPU.ActiveCfg = Release|Any CPU
		{64683EB7-88CF-871A-2652-82102B90AFCD}.Release|Any CPU.Build.0 = Release|Any CPU
		{64683EB7-88CF-871A-2652-82102B90AFCD}.Release|x64.ActiveCfg = Release|Any CPU
		{64683EB7-88CF-871A-2652-82102B90AFCD}.Release|x64.Build.0 = Release|Any CPU
		{64683EB7-88CF-871A-2652-82102B90AFCD}.Release|x86.ActiveCfg = Release|Any CPU
		{64683EB7-88CF-871A-2652-82102B90AFCD}.Release|x86.Build.0 = Release|Any CPU
		{3379A31F-F7A2-3357-7F16-5DACDB994161}.Debug|Any CPU.ActiveCfg = Debug|Any CPU
		{3379A31F-F7A2-3357-7F16-5DACDB994161}.Debug|Any CPU.Build.0 = Debug|Any CPU
		{3379A31F-F7A2-3357-7F16-5DACDB994161}.Debug|x64.ActiveCfg = Debug|Any CPU
		{3379A31F-F7A2-3357-7F16-5DACDB994161}.Debug|x64.Build.0 = Debug|Any CPU
		{3379A31F-F7A2-3357-7F16-5DACDB994161}.Debug|x86.ActiveCfg = Debug|Any CPU
		{3379A31F-F7A2-3357-7F16-5DACDB994161}.Debug|x86.Build.0 = Debug|Any CPU
		{3379A31F-F7A2-3357-7F16-5DACDB994161}.Release|Any CPU.ActiveCfg = Release|Any CPU
		{3379A31F-F7A2-3357-7F16-5DACDB994161}.Release|Any CPU.Build.0 = Release|Any CPU
		{3379A31F-F7A2-3357-7F16-5DACDB994161}.Release|x64.ActiveCfg = Release|Any CPU
		{3379A31F-F7A2-3357-7F16-5DACDB994161}.Release|x64.Build.0 = Release|Any CPU
		{3379A31F-F7A2-3357-7F16-5DACDB994161}.Release|x86.ActiveCfg = Release|Any CPU
		{3379A31F-F7A2-3357-7F16-5DACDB994161}.Release|x86.Build.0 = Release|Any CPU
		{579E8691-117A-2C8A-8DB9-2B416888D706}.Debug|Any CPU.ActiveCfg = Debug|Any CPU
		{579E8691-117A-2C8A-8DB9-2B416888D706}.Debug|Any CPU.Build.0 = Debug|Any CPU
		{579E8691-117A-2C8A-8DB9-2B416888D706}.Debug|x64.ActiveCfg = Debug|Any CPU
		{579E8691-117A-2C8A-8DB9-2B416888D706}.Debug|x64.Build.0 = Debug|Any CPU
		{579E8691-117A-2C8A-8DB9-2B416888D706}.Debug|x86.ActiveCfg = Debug|Any CPU
		{579E8691-117A-2C8A-8DB9-2B416888D706}.Debug|x86.Build.0 = Debug|Any CPU
		{579E8691-117A-2C8A-8DB9-2B416888D706}.Release|Any CPU.ActiveCfg = Release|Any CPU
		{579E8691-117A-2C8A-8DB9-2B416888D706}.Release|Any CPU.Build.0 = Release|Any CPU
		{579E8691-117A-2C8A-8DB9-2B416888D706}.Release|x64.ActiveCfg = Release|Any CPU
		{579E8691-117A-2C8A-8DB9-2B416888D706}.Release|x64.Build.0 = Release|Any CPU
		{579E8691-117A-2C8A-8DB9-2B416888D706}.Release|x86.ActiveCfg = Release|Any CPU
		{579E8691-117A-2C8A-8DB9-2B416888D706}.Release|x86.Build.0 = Release|Any CPU
		{C1F5DCFC-136F-34B5-154C-9A370192A8B9}.Debug|Any CPU.ActiveCfg = Debug|Any CPU
		{C1F5DCFC-136F-34B5-154C-9A370192A8B9}.Debug|Any CPU.Build.0 = Debug|Any CPU
		{C1F5DCFC-136F-34B5-154C-9A370192A8B9}.Debug|x64.ActiveCfg = Debug|Any CPU
		{C1F5DCFC-136F-34B5-154C-9A370192A8B9}.Debug|x64.Build.0 = Debug|Any CPU
		{C1F5DCFC-136F-34B5-154C-9A370192A8B9}.Debug|x86.ActiveCfg = Debug|Any CPU
		{C1F5DCFC-136F-34B5-154C-9A370192A8B9}.Debug|x86.Build.0 = Debug|Any CPU
		{C1F5DCFC-136F-34B5-154C-9A370192A8B9}.Release|Any CPU.ActiveCfg = Release|Any CPU
		{C1F5DCFC-136F-34B5-154C-9A370192A8B9}.Release|Any CPU.Build.0 = Release|Any CPU
		{C1F5DCFC-136F-34B5-154C-9A370192A8B9}.Release|x64.ActiveCfg = Release|Any CPU
		{C1F5DCFC-136F-34B5-154C-9A370192A8B9}.Release|x64.Build.0 = Release|Any CPU
		{C1F5DCFC-136F-34B5-154C-9A370192A8B9}.Release|x86.ActiveCfg = Release|Any CPU
		{C1F5DCFC-136F-34B5-154C-9A370192A8B9}.Release|x86.Build.0 = Release|Any CPU
		{B1259202-69CC-88FF-2F90-403FB1C5D6E4}.Debug|Any CPU.ActiveCfg = Debug|Any CPU
		{B1259202-69CC-88FF-2F90-403FB1C5D6E4}.Debug|Any CPU.Build.0 = Debug|Any CPU
		{B1259202-69CC-88FF-2F90-403FB1C5D6E4}.Debug|x64.ActiveCfg = Debug|Any CPU
		{B1259202-69CC-88FF-2F90-403FB1C5D6E4}.Debug|x64.Build.0 = Debug|Any CPU
		{B1259202-69CC-88FF-2F90-403FB1C5D6E4}.Debug|x86.ActiveCfg = Debug|Any CPU
		{B1259202-69CC-88FF-2F90-403FB1C5D6E4}.Debug|x86.Build.0 = Debug|Any CPU
		{B1259202-69CC-88FF-2F90-403FB1C5D6E4}.Release|Any CPU.ActiveCfg = Release|Any CPU
		{B1259202-69CC-88FF-2F90-403FB1C5D6E4}.Release|Any CPU.Build.0 = Release|Any CPU
		{B1259202-69CC-88FF-2F90-403FB1C5D6E4}.Release|x64.ActiveCfg = Release|Any CPU
		{B1259202-69CC-88FF-2F90-403FB1C5D6E4}.Release|x64.Build.0 = Release|Any CPU
		{B1259202-69CC-88FF-2F90-403FB1C5D6E4}.Release|x86.ActiveCfg = Release|Any CPU
		{B1259202-69CC-88FF-2F90-403FB1C5D6E4}.Release|x86.Build.0 = Release|Any CPU
		{90B55C5A-5F5E-4B1A-8FC9-B5C899122E29}.Debug|Any CPU.ActiveCfg = Debug|Any CPU
		{90B55C5A-5F5E-4B1A-8FC9-B5C899122E29}.Debug|Any CPU.Build.0 = Debug|Any CPU
		{90B55C5A-5F5E-4B1A-8FC9-B5C899122E29}.Debug|x64.ActiveCfg = Debug|Any CPU
		{90B55C5A-5F5E-4B1A-8FC9-B5C899122E29}.Debug|x64.Build.0 = Debug|Any CPU
		{90B55C5A-5F5E-4B1A-8FC9-B5C899122E29}.Debug|x86.ActiveCfg = Debug|Any CPU
		{90B55C5A-5F5E-4B1A-8FC9-B5C899122E29}.Debug|x86.Build.0 = Debug|Any CPU
		{90B55C5A-5F5E-4B1A-8FC9-B5C899122E29}.Release|Any CPU.ActiveCfg = Release|Any CPU
		{90B55C5A-5F5E-4B1A-8FC9-B5C899122E29}.Release|Any CPU.Build.0 = Release|Any CPU
		{90B55C5A-5F5E-4B1A-8FC9-B5C899122E29}.Release|x64.ActiveCfg = Release|Any CPU
		{90B55C5A-5F5E-4B1A-8FC9-B5C899122E29}.Release|x64.Build.0 = Release|Any CPU
		{90B55C5A-5F5E-4B1A-8FC9-B5C899122E29}.Release|x86.ActiveCfg = Release|Any CPU
		{90B55C5A-5F5E-4B1A-8FC9-B5C899122E29}.Release|x86.Build.0 = Release|Any CPU
	EndGlobalSection
	GlobalSection(SolutionProperties) = preSolution
		HideSolutionNode = FALSE
	EndGlobalSection
	GlobalSection(NestedProjects) = preSolution
		{79B50526-C8D4-417E-812A-E1AC4F2B308E} = {BC32782B-3DC9-3934-259F-F436AC525407}
		{76233C79-A666-4990-86D5-EA335BD6C3D3} = {BC32782B-3DC9-3934-259F-F436AC525407}
		{AE43F283-0EF4-4260-A14A-F82277E427B6} = {BC32782B-3DC9-3934-259F-F436AC525407}
		{A664B85A-9684-4C6F-A07C-772030F6DD50} = {BC32782B-3DC9-3934-259F-F436AC525407}
		{64683EB7-88CF-871A-2652-82102B90AFCD} = {8EC462FD-D22E-90A8-E5CE-7E832BA40C5D}
		{3379A31F-F7A2-3357-7F16-5DACDB994161} = {8EC462FD-D22E-90A8-E5CE-7E832BA40C5D}
		{579E8691-117A-2C8A-8DB9-2B416888D706} = {8EC462FD-D22E-90A8-E5CE-7E832BA40C5D}
		{C1F5DCFC-136F-34B5-154C-9A370192A8B9} = {8EC462FD-D22E-90A8-E5CE-7E832BA40C5D}
		{B1259202-69CC-88FF-2F90-403FB1C5D6E4} = {02EA681E-C7D8-13C7-8484-4AC65E1B71E8}
		{90B55C5A-5F5E-4B1A-8FC9-B5C899122E29} = {BC32782B-3DC9-3934-259F-F436AC525407}
	EndGlobalSection
	GlobalSection(ExtensibilityGlobals) = postSolution
		SolutionGuid = {87E4FF70-974D-476E-9461-3034C10C6AE8}
	EndGlobalSection
EndGlobal
